Microsoft Visual Studio Solution File, Format Version 12.00
# Visual Studio Version 17
VisualStudioVersion = 17.5.2.0
MinimumVisualStudioVersion = 10.0.40219.1
Project("{FAE04EC0-301F-11D3-BF4B-00C04F79EFBC}") = "tl1-tp6-2025-MGArnedo", "tl1-tp6-2025-MGArnedo.csproj", "{C9ED2926-E938-8871-2901-CCE5E564664E}"
EndProject
Global
	GlobalSection(SolutionConfigurationPlatforms) = preSolution
		Debug|Any CPU = Debug|Any CPU
		Release|Any CPU = Release|Any CPU
	EndGlobalSection
	GlobalSection(ProjectConfigurationPlatforms) = postSolution
		{C9ED2926-E938-8871-2901-CCE5E564664E}.Debug|Any CPU.ActiveCfg = Debug|Any CPU
		{C9ED2926-E938-8871-2901-CCE5E564664E}.Debug|Any CPU.Build.0 = Debug|Any CPU
		{C9ED2926-E938-8871-2901-CCE5E564664E}.Release|Any CPU.ActiveCfg = Release|Any CPU
		{C9ED2926-E938-8871-2901-CCE5E564664E}.Release|Any CPU.Build.0 = Release|Any CPU
	EndGlobalSection
	GlobalSection(SolutionProperties) = preSolution
		HideSolutionNode = FALSE
	EndGlobalSection
	GlobalSection(ExtensibilityGlobals) = postSolution
		SolutionGuid = {52BA6CFF-A5E9-4F00-98F1-04F425F36214}
	EndGlobalSection
EndGlobal
